
Microsoft Visual Studio Solution File, Format Version 12.00
# Visual Studio 15
Project("{FAE04EC0-301F-11D3-BF4B-00C04F79EFBC}") = "Assembly-CSharp", "Assembly-CSharp.csproj", "{ECA93D79-6639-A9BA-EC94-407DDE4AB0D6}"
EndProject
Global
	GlobalSection(SolutionConfigurationPlatforms) = preSolution
		Debug|Any CPU = Debug|Any CPU
		Release|Any CPU = Release|Any CPU
	EndGlobalSection
	GlobalSection(ProjectConfigurationPlatforms) = postSolution
		{ECA93D79-6639-A9BA-EC94-407DDE4AB0D6}.Debug|Any CPU.ActiveCfg = Debug|Any CPU
		{ECA93D79-6639-A9BA-EC94-407DDE4AB0D6}.Debug|Any CPU.Build.0 = Debug|Any CPU
		{ECA93D79-6639-A9BA-EC94-407DDE4AB0D6}.Release|Any CPU.ActiveCfg = Release|Any CPU
		{ECA93D79-6639-A9BA-EC94-407DDE4AB0D6}.Release|Any CPU.Build.0 = Release|Any CPU
	EndGlobalSection
	GlobalSection(SolutionProperties) = preSolution
		HideSolutionNode = FALSE
	EndGlobalSection
EndGlobal
